{
  "name": "orillusion-demo",
  "version": "0.0.0",
  "lockfileVersion": 3,
  "requires": true,
  "packages": {
    "": {
      "name": "orillusion-demo",
      "version": "0.0.0",
      "license": "MIT",
      "dependencies": {
        "@orillusion/core": "^0.8.5-dev.9"
      },
      "devDependencies": {
        "typescript": "^5.8.3"
      }
    },
    "node_modules/@orillusion/core": {
      "version": "0.8.5-dev.9",
      "resolved": "https://registry.npmjs.org/@orillusion/core/-/core-0.8.5-dev.9.tgz",
      "integrity": "sha512-m6G1tGb5LtDMq117SgptQ41ui2ZaoLp+DSY6YTqPk+Y4TCD8VMHtdhAZrHU1+0sXDnWs9dvux4QfOTaXUwG/AA==",
      "license": "MIT"
    },
    "node_modules/typescript": {
      "version": "5.8.3",
      "resolved": "https://registry.npmjs.org/typescript/-/typescript-5.8.3.tgz",
      "integrity": "sha512-p1diW6TqL9L07nNxvRMM7hMMw4c5XOo/1ibL4aAIGmSAt9slTE1Xgw5KWuof2uTOvCg9BY7ZRi+GaF+7sfgPeQ==",
      "dev": true,
      "license": "Apache-2.0",
      "bin": {
        "tsc": "bin/tsc",
        "tsserver": "bin/tsserver"
      },
      "engines": {
        "node": ">=14.17"
      }
    }
  }
}
